// !$*UTF8*$!
{
	archiveVersion = 1;
	classes = {
	};
	objectVersion = 51;
	objects = {

/* Begin PBXBuildFile section */
		023BEBF4268B731A00D352A8 /* .swiftlint.yml in Resources */ = {isa = PBXBuildFile; fileRef = 023BEBF3268B731A00D352A8 /* .swiftlint.yml */; };
		023F864E26A6F8CC0086EC4F /* CocktailCollectionViewCell.swift in Sources */ = {isa = PBXBuildFile; fileRef = 023F864D26A6F8CC0086EC4F /* CocktailCollectionViewCell.swift */; };
		023F865026A6F8FD0086EC4F /* CocktailCollectionViewCell.xib in Resources */ = {isa = PBXBuildFile; fileRef = 023F864F26A6F8FD0086EC4F /* CocktailCollectionViewCell.xib */; };
		023F865626A6F9C00086EC4F /* MoreCocktailTableViewCell.swift in Sources */ = {isa = PBXBuildFile; fileRef = 023F865126A6F9C00086EC4F /* MoreCocktailTableViewCell.swift */; };
		023F865726A6F9C00086EC4F /* CocktailDetailViewController.swift in Sources */ = {isa = PBXBuildFile; fileRef = 023F865226A6F9C00086EC4F /* CocktailDetailViewController.swift */; };
		023F865826A6F9C00086EC4F /* MoreCocktailViewController.swift in Sources */ = {isa = PBXBuildFile; fileRef = 023F865326A6F9C00086EC4F /* MoreCocktailViewController.swift */; };
		023F865926A6F9C00086EC4F /* CategoryTableViewCell.swift in Sources */ = {isa = PBXBuildFile; fileRef = 023F865426A6F9C00086EC4F /* CategoryTableViewCell.swift */; };
		023F865A26A6F9C00086EC4F /* PreviewCollectionViewCell.swift in Sources */ = {isa = PBXBuildFile; fileRef = 023F865526A6F9C00086EC4F /* PreviewCollectionViewCell.swift */; };
		023F866026A6F9DA0086EC4F /* CocktailDetailViewController.xib in Resources */ = {isa = PBXBuildFile; fileRef = 023F865B26A6F9DA0086EC4F /* CocktailDetailViewController.xib */; };
		023F866126A6F9DA0086EC4F /* CategoryTableViewCell.xib in Resources */ = {isa = PBXBuildFile; fileRef = 023F865C26A6F9DA0086EC4F /* CategoryTableViewCell.xib */; };
		023F866226A6F9DA0086EC4F /* MoreCocktailTableViewCell.xib in Resources */ = {isa = PBXBuildFile; fileRef = 023F865D26A6F9DA0086EC4F /* MoreCocktailTableViewCell.xib */; };
		023F866326A6F9DA0086EC4F /* PreviewCollectionViewCell.xib in Resources */ = {isa = PBXBuildFile; fileRef = 023F865E26A6F9DA0086EC4F /* PreviewCollectionViewCell.xib */; };
		023F866426A6F9DA0086EC4F /* MoreCocktailViewController.xib in Resources */ = {isa = PBXBuildFile; fileRef = 023F865F26A6F9DA0086EC4F /* MoreCocktailViewController.xib */; };
		023F866626A6FADB0086EC4F /* HomeViewController.xib in Resources */ = {isa = PBXBuildFile; fileRef = 023F866526A6FADB0086EC4F /* HomeViewController.xib */; };
		024327CD269FC6DB00DC301C /* UserDefaultsManager.swift in Sources */ = {isa = PBXBuildFile; fileRef = 024327CC269FC6DB00DC301C /* UserDefaultsManager.swift */; };
		02454FF126860DA300558D3C /* AppDelegate.swift in Sources */ = {isa = PBXBuildFile; fileRef = 02454FF026860DA300558D3C /* AppDelegate.swift */; };
		02454FF326860DA300558D3C /* SceneDelegate.swift in Sources */ = {isa = PBXBuildFile; fileRef = 02454FF226860DA300558D3C /* SceneDelegate.swift */; };
		02454FF826860DA300558D3C /* Main.storyboard in Resources */ = {isa = PBXBuildFile; fileRef = 02454FF626860DA300558D3C /* Main.storyboard */; };
		02454FFA26860DA400558D3C /* Assets.xcassets in Resources */ = {isa = PBXBuildFile; fileRef = 02454FF926860DA400558D3C /* Assets.xcassets */; };
		0250C49326904C800076A273 /* SettingViewController.swift in Sources */ = {isa = PBXBuildFile; fileRef = 0250C49126904C800076A273 /* SettingViewController.swift */; };
		0250C49426904C800076A273 /* SettingViewController.xib in Resources */ = {isa = PBXBuildFile; fileRef = 0250C49226904C800076A273 /* SettingViewController.xib */; };
		0250C4C52690501F0076A273 /* OpenSourceTableViewCell.swift in Sources */ = {isa = PBXBuildFile; fileRef = 0250C4C32690501F0076A273 /* OpenSourceTableViewCell.swift */; };
		0250C4C62690501F0076A273 /* OpenSourceTableViewCell.xib in Resources */ = {isa = PBXBuildFile; fileRef = 0250C4C42690501F0076A273 /* OpenSourceTableViewCell.xib */; };
		0250C4C9269053D60076A273 /* VersionTableViewCell.swift in Sources */ = {isa = PBXBuildFile; fileRef = 0250C4C7269053D60076A273 /* VersionTableViewCell.swift */; };
		0250C4CA269053D60076A273 /* VersionTableViewCell.xib in Resources */ = {isa = PBXBuildFile; fileRef = 0250C4C8269053D60076A273 /* VersionTableViewCell.xib */; };
		0250C4FB269056B40076A273 /* LogOutTableViewCell.swift in Sources */ = {isa = PBXBuildFile; fileRef = 0250C4F9269056B40076A273 /* LogOutTableViewCell.swift */; };
		0250C4FC269056B40076A273 /* LogOutTableViewCell.xib in Resources */ = {isa = PBXBuildFile; fileRef = 0250C4FA269056B40076A273 /* LogOutTableViewCell.xib */; };
		0250C589269062E30076A273 /* FavoriteCocktailViewController.swift in Sources */ = {isa = PBXBuildFile; fileRef = 0250C587269062E30076A273 /* FavoriteCocktailViewController.swift */; };
		0250C58A269062E30076A273 /* FavoriteCocktailViewController.xib in Resources */ = {isa = PBXBuildFile; fileRef = 0250C588269062E30076A273 /* FavoriteCocktailViewController.xib */; };
		0250C5BB2690666F0076A273 /* FavoriteStoreViewController.swift in Sources */ = {isa = PBXBuildFile; fileRef = 0250C5B92690666F0076A273 /* FavoriteStoreViewController.swift */; };
		0250C5BC2690666F0076A273 /* FavoriteStoreViewController.xib in Resources */ = {isa = PBXBuildFile; fileRef = 0250C5BA2690666F0076A273 /* FavoriteStoreViewController.xib */; };
		026397292693277100D57975 /* UtilFunction.swift in Sources */ = {isa = PBXBuildFile; fileRef = 026397282693277100D57975 /* UtilFunction.swift */; };
		02791B8326AC37CB000CC06F /* PlaceInfoTableViewCell.swift in Sources */ = {isa = PBXBuildFile; fileRef = 02791B8126AC37CB000CC06F /* PlaceInfoTableViewCell.swift */; };
		02791B8426AC37CB000CC06F /* PlaceInfoTableViewCell.xib in Resources */ = {isa = PBXBuildFile; fileRef = 02791B8226AC37CB000CC06F /* PlaceInfoTableViewCell.xib */; };
		02791B8726AC37DE000CC06F /* PlaceReviewsTableViewCell.swift in Sources */ = {isa = PBXBuildFile; fileRef = 02791B8526AC37DE000CC06F /* PlaceReviewsTableViewCell.swift */; };
		02791B8826AC37DE000CC06F /* PlaceReviewsTableViewCell.xib in Resources */ = {isa = PBXBuildFile; fileRef = 02791B8626AC37DE000CC06F /* PlaceReviewsTableViewCell.xib */; };
		02791B8B26AC37F5000CC06F /* PlacePicturesTableViewCell.swift in Sources */ = {isa = PBXBuildFile; fileRef = 02791B8926AC37F5000CC06F /* PlacePicturesTableViewCell.swift */; };
		02791B8C26AC37F5000CC06F /* PlacePicturesTableViewCell.xib in Resources */ = {isa = PBXBuildFile; fileRef = 02791B8A26AC37F5000CC06F /* PlacePicturesTableViewCell.xib */; };
		02791B9126AC46C9000CC06F /* PictureCollectionViewCell.swift in Sources */ = {isa = PBXBuildFile; fileRef = 02791B8F26AC46C9000CC06F /* PictureCollectionViewCell.swift */; };
		02791B9226AC46C9000CC06F /* PictureCollectionViewCell.xib in Resources */ = {isa = PBXBuildFile; fileRef = 02791B9026AC46C9000CC06F /* PictureCollectionViewCell.xib */; };
		02791B9526AC48AD000CC06F /* SearchPlace.swift in Sources */ = {isa = PBXBuildFile; fileRef = 02791B9426AC48AD000CC06F /* SearchPlace.swift */; };
		02791B9726AC48FA000CC06F /* PlaceDetail.swift in Sources */ = {isa = PBXBuildFile; fileRef = 02791B9626AC48F9000CC06F /* PlaceDetail.swift */; };
		0299015126B83A4F0062B5A2 /* StoreData.swift in Sources */ = {isa = PBXBuildFile; fileRef = 0299015026B83A4F0062B5A2 /* StoreData.swift */; };
		02A9371A26A510A900ADA4CF /* NetworkingManager.swift in Sources */ = {isa = PBXBuildFile; fileRef = 02A9371926A510A900ADA4CF /* NetworkingManager.swift */; };
		02A9374D26A51CD500ADA4CF /* SearchPlaceViewModel.swift in Sources */ = {isa = PBXBuildFile; fileRef = 02A9374C26A51CD500ADA4CF /* SearchPlaceViewModel.swift */; };
		02C2748526AC072F003E7F1B /* PlaceTitleTableViewCell.swift in Sources */ = {isa = PBXBuildFile; fileRef = 02C2748326AC072F003E7F1B /* PlaceTitleTableViewCell.swift */; };
		02C2748626AC072F003E7F1B /* PlaceTitleTableViewCell.xib in Resources */ = {isa = PBXBuildFile; fileRef = 02C2748426AC072F003E7F1B /* PlaceTitleTableViewCell.xib */; };
		02CBB8E226BE7B7100208CDC /* FavoriteStoreTableViewCell.swift in Sources */ = {isa = PBXBuildFile; fileRef = 02CBB8E026BE7B7100208CDC /* FavoriteStoreTableViewCell.swift */; };
		02CBB8E326BE7B7100208CDC /* FavoriteStoreTableViewCell.xib in Resources */ = {isa = PBXBuildFile; fileRef = 02CBB8E126BE7B7100208CDC /* FavoriteStoreTableViewCell.xib */; };
		02DD859826ADA2E6002A8105 /* PlaceDetailViewModel.swift in Sources */ = {isa = PBXBuildFile; fileRef = 02DD859726ADA2E6002A8105 /* PlaceDetailViewModel.swift */; };
		02E43C1626870204009B15CD /* MainTabBarController.swift in Sources */ = {isa = PBXBuildFile; fileRef = 02E43C1526870204009B15CD /* MainTabBarController.swift */; };
		02E43C1B26870270009B15CD /* HomeViewController.swift in Sources */ = {isa = PBXBuildFile; fileRef = 02E43C1926870270009B15CD /* HomeViewController.swift */; };
		02E43C1F2687028D009B15CD /* MapViewController.swift in Sources */ = {isa = PBXBuildFile; fileRef = 02E43C1D2687028D009B15CD /* MapViewController.swift */; };
		02E43C202687028D009B15CD /* MapViewController.xib in Resources */ = {isa = PBXBuildFile; fileRef = 02E43C1E2687028D009B15CD /* MapViewController.xib */; };
		02E43C23268702A1009B15CD /* CocktailViewController.swift in Sources */ = {isa = PBXBuildFile; fileRef = 02E43C21268702A1009B15CD /* CocktailViewController.swift */; };
		02E43C24268702A1009B15CD /* CocktailViewController.xib in Resources */ = {isa = PBXBuildFile; fileRef = 02E43C22268702A1009B15CD /* CocktailViewController.xib */; };
		02E43C2726870305009B15CD /* FavoriteViewController.swift in Sources */ = {isa = PBXBuildFile; fileRef = 02E43C2526870305009B15CD /* FavoriteViewController.swift */; };
		02E43C2826870305009B15CD /* FavoriteViewController.xib in Resources */ = {isa = PBXBuildFile; fileRef = 02E43C2626870305009B15CD /* FavoriteViewController.xib */; };
		02E43C3226870574009B15CD /* LoginViewController.swift in Sources */ = {isa = PBXBuildFile; fileRef = 02E43C3126870574009B15CD /* LoginViewController.swift */; };
		02E43C362687066E009B15CD /* Extension+UIWindow.swift in Sources */ = {isa = PBXBuildFile; fileRef = 02E43C352687066E009B15CD /* Extension+UIWindow.swift */; };
		02FEF4ED26AFDDFD0013F78D /* PlaceDetailViewController.swift in Sources */ = {isa = PBXBuildFile; fileRef = 02FEF4EB26AFDDFD0013F78D /* PlaceDetailViewController.swift */; };
		02FEF4EE26AFDDFD0013F78D /* PlaceDetailViewController.xib in Resources */ = {isa = PBXBuildFile; fileRef = 02FEF4EC26AFDDFD0013F78D /* PlaceDetailViewController.xib */; };
		7E15927D03723866D8D336C5 /* Pods_Koktail.framework in Frameworks */ = {isa = PBXBuildFile; fileRef = 3A3AC5A60A2151928C3315BD /* Pods_Koktail.framework */; };
		9F1D616D26A16C0D006472A8 /* ForgotAndUpdatePasswordViewController.swift in Sources */ = {isa = PBXBuildFile; fileRef = 9F1D616B26A16C0D006472A8 /* ForgotAndUpdatePasswordViewController.swift */; };
		9F1D616E26A16C0D006472A8 /* ForgotAndUpdatePasswordViewController.xib in Resources */ = {isa = PBXBuildFile; fileRef = 9F1D616C26A16C0D006472A8 /* ForgotAndUpdatePasswordViewController.xib */; };
		9F4C1AEB26C0DB6600A20792 /* ReAuthenticateUserViewController.swift in Sources */ = {isa = PBXBuildFile; fileRef = 9F4C1AE926C0DB6600A20792 /* ReAuthenticateUserViewController.swift */; };
		9F4C1AEC26C0DB6600A20792 /* ReAuthenticateUserViewController.xib in Resources */ = {isa = PBXBuildFile; fileRef = 9F4C1AEA26C0DB6600A20792 /* ReAuthenticateUserViewController.xib */; };
		9F4EEB8926B7D6DA0067E475 /* FavoriteCocktailCollectionViewCell.swift in Sources */ = {isa = PBXBuildFile; fileRef = 9F4EEB8726B7D6DA0067E475 /* FavoriteCocktailCollectionViewCell.swift */; };
		9F4EEB8A26B7D6DA0067E475 /* FavoriteCocktailCollectionViewCell.xib in Resources */ = {isa = PBXBuildFile; fileRef = 9F4EEB8826B7D6DA0067E475 /* FavoriteCocktailCollectionViewCell.xib */; };
		9F87DA9C26A1EAD3004ED32B /* GoogleService-Info.plist in Resources */ = {isa = PBXBuildFile; fileRef = 9F87DA9B26A1EAD3004ED32B /* GoogleService-Info.plist */; };
		9FAB591A269D87780077CD59 /* Extension+UIColor.swift in Sources */ = {isa = PBXBuildFile; fileRef = 9FAB5919269D87780077CD59 /* Extension+UIColor.swift */; };
		9FAB591E269D87E80077CD59 /* RemoteConfigDefaults.plist in Resources */ = {isa = PBXBuildFile; fileRef = 9FAB591D269D87E80077CD59 /* RemoteConfigDefaults.plist */; };
		9FAB5924269D88570077CD59 /* LoginPageViewController.swift in Sources */ = {isa = PBXBuildFile; fileRef = 9FAB5923269D88570077CD59 /* LoginPageViewController.swift */; };
		9FAB5926269D88610077CD59 /* SignUpViewController.swift in Sources */ = {isa = PBXBuildFile; fileRef = 9FAB5925269D88610077CD59 /* SignUpViewController.swift */; };
		9FAB592D269DC11D0077CD59 /* LoginPageViewController.xib in Resources */ = {isa = PBXBuildFile; fileRef = 9FAB592B269DC11D0077CD59 /* LoginPageViewController.xib */; };
		9FAB592E269DC11D0077CD59 /* SignUpViewController.xib in Resources */ = {isa = PBXBuildFile; fileRef = 9FAB592C269DC11D0077CD59 /* SignUpViewController.xib */; };
		9FB2455026A9A19900F6EA07 /* GetEmailViewController.swift in Sources */ = {isa = PBXBuildFile; fileRef = 9FB2454E26A9A19900F6EA07 /* GetEmailViewController.swift */; };
		9FB2455126A9A19900F6EA07 /* GetEmailViewController.xib in Resources */ = {isa = PBXBuildFile; fileRef = 9FB2454F26A9A19900F6EA07 /* GetEmailViewController.xib */; };
		9FF7293826C001A2002CFFC8 /* FavoriteCocktailEmptyCollectionViewCell.swift in Sources */ = {isa = PBXBuildFile; fileRef = 9FF7293626C001A2002CFFC8 /* FavoriteCocktailEmptyCollectionViewCell.swift */; };
		9FF7293926C001A2002CFFC8 /* FavoriteCocktailEmptyCollectionViewCell.xib in Resources */ = {isa = PBXBuildFile; fileRef = 9FF7293726C001A2002CFFC8 /* FavoriteCocktailEmptyCollectionViewCell.xib */; };
		9FF7294426C039FE002CFFC8 /* DeleteAccountTableViewCell.swift in Sources */ = {isa = PBXBuildFile; fileRef = 9FF7294226C039FE002CFFC8 /* DeleteAccountTableViewCell.swift */; };
		9FF7294526C039FE002CFFC8 /* DeleteAccountTableViewCell.xib in Resources */ = {isa = PBXBuildFile; fileRef = 9FF7294326C039FE002CFFC8 /* DeleteAccountTableViewCell.xib */; };
		C45FB22626BD8C5900DFE4EF /* FavoriteCocktail.swift in Sources */ = {isa = PBXBuildFile; fileRef = C45FB22526BD8C5900DFE4EF /* FavoriteCocktail.swift */; };
		C489C4F326C2564800E95760 /* CocktailListDataModel.swift in Sources */ = {isa = PBXBuildFile; fileRef = C489C4F226C2564800E95760 /* CocktailListDataModel.swift */; };
		C489C4F626C256CE00E95760 /* CocktailDetailDataModel.swift in Sources */ = {isa = PBXBuildFile; fileRef = C489C4F526C256CE00E95760 /* CocktailDetailDataModel.swift */; };
		C489C4F926C2570000E95760 /* CocktailLikeDataModel.swift in Sources */ = {isa = PBXBuildFile; fileRef = C489C4F826C2570000E95760 /* CocktailLikeDataModel.swift */; };
		D669C29226C01BB80043E51A /* NoResultTableViewCell.swift in Sources */ = {isa = PBXBuildFile; fileRef = D669C29026C01BB80043E51A /* NoResultTableViewCell.swift */; };
		D669C29326C01BB80043E51A /* NoResultTableViewCell.xib in Resources */ = {isa = PBXBuildFile; fileRef = D669C29126C01BB80043E51A /* NoResultTableViewCell.xib */; };
		D6908F5126A30C51004240AC /* SelectPageViewController.swift in Sources */ = {isa = PBXBuildFile; fileRef = D6908F4F26A30C51004240AC /* SelectPageViewController.swift */; };
		D6908F5226A30C51004240AC /* SelectPageViewController.xib in Resources */ = {isa = PBXBuildFile; fileRef = D6908F5026A30C51004240AC /* SelectPageViewController.xib */; };
		D6908F5726A30CC4004240AC /* SelectBaseViewController.swift in Sources */ = {isa = PBXBuildFile; fileRef = D6908F5526A30CC4004240AC /* SelectBaseViewController.swift */; };
		D6908F5826A30CC4004240AC /* SelectBaseViewController.xib in Resources */ = {isa = PBXBuildFile; fileRef = D6908F5626A30CC4004240AC /* SelectBaseViewController.xib */; };
		D6908F5B26A31109004240AC /* SelectAlcholViewController.swift in Sources */ = {isa = PBXBuildFile; fileRef = D6908F5926A31108004240AC /* SelectAlcholViewController.swift */; };
		D6908F5C26A31109004240AC /* SelectAlcholViewController.xib in Resources */ = {isa = PBXBuildFile; fileRef = D6908F5A26A31108004240AC /* SelectAlcholViewController.xib */; };
		D6908F5F26A32D6E004240AC /* SelectSweetViewController.swift in Sources */ = {isa = PBXBuildFile; fileRef = D6908F5D26A32D6E004240AC /* SelectSweetViewController.swift */; };
		D6908F6026A32D6E004240AC /* SelectSweetViewController.xib in Resources */ = {isa = PBXBuildFile; fileRef = D6908F5E26A32D6E004240AC /* SelectSweetViewController.xib */; };
		D6908F6326A32ECF004240AC /* SelectSourViewController.swift in Sources */ = {isa = PBXBuildFile; fileRef = D6908F6126A32ECF004240AC /* SelectSourViewController.swift */; };
		D6908F6426A32ECF004240AC /* SelectSourViewController.xib in Resources */ = {isa = PBXBuildFile; fileRef = D6908F6226A32ECF004240AC /* SelectSourViewController.xib */; };
		D6908F6726A32FA0004240AC /* SelectBitterViewController.swift in Sources */ = {isa = PBXBuildFile; fileRef = D6908F6526A32FA0004240AC /* SelectBitterViewController.swift */; };
		D6908F6826A32FA0004240AC /* SelectBitterViewController.xib in Resources */ = {isa = PBXBuildFile; fileRef = D6908F6626A32FA0004240AC /* SelectBitterViewController.xib */; };
		D6908F6B26A33022004240AC /* SelectDryViewController.swift in Sources */ = {isa = PBXBuildFile; fileRef = D6908F6926A33022004240AC /* SelectDryViewController.swift */; };
		D6908F6C26A33022004240AC /* SelectDryViewController.xib in Resources */ = {isa = PBXBuildFile; fileRef = D6908F6A26A33022004240AC /* SelectDryViewController.xib */; };
		D6908F6F26A332F6004240AC /* ResultViewController.swift in Sources */ = {isa = PBXBuildFile; fileRef = D6908F6E26A332F6004240AC /* ResultViewController.swift */; };
		D6908F7226A3330E004240AC /* ResultViewController.xib in Resources */ = {isa = PBXBuildFile; fileRef = D6908F7126A3330E004240AC /* ResultViewController.xib */; };
		D6908F7426A33318004240AC /* HeaderTableViewCell.swift in Sources */ = {isa = PBXBuildFile; fileRef = D6908F7326A33318004240AC /* HeaderTableViewCell.swift */; };
		D6908F7626A3331E004240AC /* HeaderTableViewCell.xib in Resources */ = {isa = PBXBuildFile; fileRef = D6908F7526A3331E004240AC /* HeaderTableViewCell.xib */; };
		D6908F7826A3332A004240AC /* CocktailResultTableViewCell.swift in Sources */ = {isa = PBXBuildFile; fileRef = D6908F7726A3332A004240AC /* CocktailResultTableViewCell.swift */; };
		D6908F7A26A3333B004240AC /* CocktailResultTableViewCell.xib in Resources */ = {isa = PBXBuildFile; fileRef = D6908F7926A3333B004240AC /* CocktailResultTableViewCell.xib */; };
/* End PBXBuildFile section */

/* Begin PBXFileReference section */
		023BEBF3268B731A00D352A8 /* .swiftlint.yml */ = {isa = PBXFileReference; lastKnownFileType = text.yaml; path = .swiftlint.yml; sourceTree = "<group>"; };
		023F864D26A6F8CC0086EC4F /* CocktailCollectionViewCell.swift */ = {isa = PBXFileReference; fileEncoding = 4; lastKnownFileType = sourcecode.swift; path = CocktailCollectionViewCell.swift; sourceTree = "<group>"; };
		023F864F26A6F8FD0086EC4F /* CocktailCollectionViewCell.xib */ = {isa = PBXFileReference; fileEncoding = 4; lastKnownFileType = file.xib; path = CocktailCollectionViewCell.xib; sourceTree = "<group>"; };
		023F865126A6F9C00086EC4F /* MoreCocktailTableViewCell.swift */ = {isa = PBXFileReference; fileEncoding = 4; lastKnownFileType = sourcecode.swift; path = MoreCocktailTableViewCell.swift; sourceTree = "<group>"; };
		023F865226A6F9C00086EC4F /* CocktailDetailViewController.swift */ = {isa = PBXFileReference; fileEncoding = 4; lastKnownFileType = sourcecode.swift; path = CocktailDetailViewController.swift; sourceTree = "<group>"; };
		023F865326A6F9C00086EC4F /* MoreCocktailViewController.swift */ = {isa = PBXFileReference; fileEncoding = 4; lastKnownFileType = sourcecode.swift; path = MoreCocktailViewController.swift; sourceTree = "<group>"; };
		023F865426A6F9C00086EC4F /* CategoryTableViewCell.swift */ = {isa = PBXFileReference; fileEncoding = 4; lastKnownFileType = sourcecode.swift; path = CategoryTableViewCell.swift; sourceTree = "<group>"; };
		023F865526A6F9C00086EC4F /* PreviewCollectionViewCell.swift */ = {isa = PBXFileReference; fileEncoding = 4; lastKnownFileType = sourcecode.swift; path = PreviewCollectionViewCell.swift; sourceTree = "<group>"; };
		023F865B26A6F9DA0086EC4F /* CocktailDetailViewController.xib */ = {isa = PBXFileReference; fileEncoding = 4; lastKnownFileType = file.xib; path = CocktailDetailViewController.xib; sourceTree = "<group>"; };
		023F865C26A6F9DA0086EC4F /* CategoryTableViewCell.xib */ = {isa = PBXFileReference; fileEncoding = 4; lastKnownFileType = file.xib; path = CategoryTableViewCell.xib; sourceTree = "<group>"; };
		023F865D26A6F9DA0086EC4F /* MoreCocktailTableViewCell.xib */ = {isa = PBXFileReference; fileEncoding = 4; lastKnownFileType = file.xib; path = MoreCocktailTableViewCell.xib; sourceTree = "<group>"; };
		023F865E26A6F9DA0086EC4F /* PreviewCollectionViewCell.xib */ = {isa = PBXFileReference; fileEncoding = 4; lastKnownFileType = file.xib; path = PreviewCollectionViewCell.xib; sourceTree = "<group>"; };
		023F865F26A6F9DA0086EC4F /* MoreCocktailViewController.xib */ = {isa = PBXFileReference; fileEncoding = 4; lastKnownFileType = file.xib; path = MoreCocktailViewController.xib; sourceTree = "<group>"; };
		023F866526A6FADB0086EC4F /* HomeViewController.xib */ = {isa = PBXFileReference; fileEncoding = 4; lastKnownFileType = file.xib; path = HomeViewController.xib; sourceTree = "<group>"; };
		024327CC269FC6DB00DC301C /* UserDefaultsManager.swift */ = {isa = PBXFileReference; lastKnownFileType = sourcecode.swift; path = UserDefaultsManager.swift; sourceTree = "<group>"; };
		02454FED26860DA300558D3C /* Koktail.app */ = {isa = PBXFileReference; explicitFileType = wrapper.application; includeInIndex = 0; path = Koktail.app; sourceTree = BUILT_PRODUCTS_DIR; };
		02454FF026860DA300558D3C /* AppDelegate.swift */ = {isa = PBXFileReference; lastKnownFileType = sourcecode.swift; path = AppDelegate.swift; sourceTree = "<group>"; };
		02454FF226860DA300558D3C /* SceneDelegate.swift */ = {isa = PBXFileReference; lastKnownFileType = sourcecode.swift; path = SceneDelegate.swift; sourceTree = "<group>"; };
		02454FF726860DA300558D3C /* Base */ = {isa = PBXFileReference; lastKnownFileType = file.storyboard; name = Base; path = Base.lproj/Main.storyboard; sourceTree = "<group>"; };
		02454FF926860DA400558D3C /* Assets.xcassets */ = {isa = PBXFileReference; lastKnownFileType = folder.assetcatalog; path = Assets.xcassets; sourceTree = "<group>"; };
		02454FFE26860DA400558D3C /* Info.plist */ = {isa = PBXFileReference; lastKnownFileType = text.plist.xml; path = Info.plist; sourceTree = "<group>"; };
		0250C49126904C800076A273 /* SettingViewController.swift */ = {isa = PBXFileReference; lastKnownFileType = sourcecode.swift; path = SettingViewController.swift; sourceTree = "<group>"; };
		0250C49226904C800076A273 /* SettingViewController.xib */ = {isa = PBXFileReference; lastKnownFileType = file.xib; path = SettingViewController.xib; sourceTree = "<group>"; };
		0250C4C32690501F0076A273 /* OpenSourceTableViewCell.swift */ = {isa = PBXFileReference; lastKnownFileType = sourcecode.swift; path = OpenSourceTableViewCell.swift; sourceTree = "<group>"; };
		0250C4C42690501F0076A273 /* OpenSourceTableViewCell.xib */ = {isa = PBXFileReference; lastKnownFileType = file.xib; path = OpenSourceTableViewCell.xib; sourceTree = "<group>"; };
		0250C4C7269053D60076A273 /* VersionTableViewCell.swift */ = {isa = PBXFileReference; lastKnownFileType = sourcecode.swift; path = VersionTableViewCell.swift; sourceTree = "<group>"; };
		0250C4C8269053D60076A273 /* VersionTableViewCell.xib */ = {isa = PBXFileReference; lastKnownFileType = file.xib; path = VersionTableViewCell.xib; sourceTree = "<group>"; };
		0250C4F9269056B40076A273 /* LogOutTableViewCell.swift */ = {isa = PBXFileReference; lastKnownFileType = sourcecode.swift; path = LogOutTableViewCell.swift; sourceTree = "<group>"; };
		0250C4FA269056B40076A273 /* LogOutTableViewCell.xib */ = {isa = PBXFileReference; lastKnownFileType = file.xib; path = LogOutTableViewCell.xib; sourceTree = "<group>"; };
		0250C587269062E30076A273 /* FavoriteCocktailViewController.swift */ = {isa = PBXFileReference; lastKnownFileType = sourcecode.swift; path = FavoriteCocktailViewController.swift; sourceTree = "<group>"; };
		0250C588269062E30076A273 /* FavoriteCocktailViewController.xib */ = {isa = PBXFileReference; lastKnownFileType = file.xib; path = FavoriteCocktailViewController.xib; sourceTree = "<group>"; };
		0250C5B92690666F0076A273 /* FavoriteStoreViewController.swift */ = {isa = PBXFileReference; lastKnownFileType = sourcecode.swift; path = FavoriteStoreViewController.swift; sourceTree = "<group>"; };
		0250C5BA2690666F0076A273 /* FavoriteStoreViewController.xib */ = {isa = PBXFileReference; lastKnownFileType = file.xib; path = FavoriteStoreViewController.xib; sourceTree = "<group>"; };
		026397282693277100D57975 /* UtilFunction.swift */ = {isa = PBXFileReference; lastKnownFileType = sourcecode.swift; path = UtilFunction.swift; sourceTree = "<group>"; };
		02791B8126AC37CB000CC06F /* PlaceInfoTableViewCell.swift */ = {isa = PBXFileReference; lastKnownFileType = sourcecode.swift; path = PlaceInfoTableViewCell.swift; sourceTree = "<group>"; };
		02791B8226AC37CB000CC06F /* PlaceInfoTableViewCell.xib */ = {isa = PBXFileReference; lastKnownFileType = file.xib; path = PlaceInfoTableViewCell.xib; sourceTree = "<group>"; };
		02791B8526AC37DE000CC06F /* PlaceReviewsTableViewCell.swift */ = {isa = PBXFileReference; lastKnownFileType = sourcecode.swift; path = PlaceReviewsTableViewCell.swift; sourceTree = "<group>"; };
		02791B8626AC37DE000CC06F /* PlaceReviewsTableViewCell.xib */ = {isa = PBXFileReference; lastKnownFileType = file.xib; path = PlaceReviewsTableViewCell.xib; sourceTree = "<group>"; };
		02791B8926AC37F5000CC06F /* PlacePicturesTableViewCell.swift */ = {isa = PBXFileReference; lastKnownFileType = sourcecode.swift; path = PlacePicturesTableViewCell.swift; sourceTree = "<group>"; };
		02791B8A26AC37F5000CC06F /* PlacePicturesTableViewCell.xib */ = {isa = PBXFileReference; lastKnownFileType = file.xib; path = PlacePicturesTableViewCell.xib; sourceTree = "<group>"; };
		02791B8F26AC46C9000CC06F /* PictureCollectionViewCell.swift */ = {isa = PBXFileReference; lastKnownFileType = sourcecode.swift; path = PictureCollectionViewCell.swift; sourceTree = "<group>"; };
		02791B9026AC46C9000CC06F /* PictureCollectionViewCell.xib */ = {isa = PBXFileReference; lastKnownFileType = file.xib; path = PictureCollectionViewCell.xib; sourceTree = "<group>"; };
		02791B9426AC48AD000CC06F /* SearchPlace.swift */ = {isa = PBXFileReference; lastKnownFileType = sourcecode.swift; path = SearchPlace.swift; sourceTree = "<group>"; };
		02791B9626AC48F9000CC06F /* PlaceDetail.swift */ = {isa = PBXFileReference; lastKnownFileType = sourcecode.swift; path = PlaceDetail.swift; sourceTree = "<group>"; };
		0299015026B83A4F0062B5A2 /* StoreData.swift */ = {isa = PBXFileReference; lastKnownFileType = sourcecode.swift; path = StoreData.swift; sourceTree = "<group>"; };
		02A9371926A510A900ADA4CF /* NetworkingManager.swift */ = {isa = PBXFileReference; lastKnownFileType = sourcecode.swift; path = NetworkingManager.swift; sourceTree = "<group>"; };
		02A9374C26A51CD500ADA4CF /* SearchPlaceViewModel.swift */ = {isa = PBXFileReference; lastKnownFileType = sourcecode.swift; path = SearchPlaceViewModel.swift; sourceTree = "<group>"; };
		02C2748326AC072F003E7F1B /* PlaceTitleTableViewCell.swift */ = {isa = PBXFileReference; lastKnownFileType = sourcecode.swift; path = PlaceTitleTableViewCell.swift; sourceTree = "<group>"; };
		02C2748426AC072F003E7F1B /* PlaceTitleTableViewCell.xib */ = {isa = PBXFileReference; lastKnownFileType = file.xib; path = PlaceTitleTableViewCell.xib; sourceTree = "<group>"; };
		02CBB8E026BE7B7100208CDC /* FavoriteStoreTableViewCell.swift */ = {isa = PBXFileReference; lastKnownFileType = sourcecode.swift; path = FavoriteStoreTableViewCell.swift; sourceTree = "<group>"; };
		02CBB8E126BE7B7100208CDC /* FavoriteStoreTableViewCell.xib */ = {isa = PBXFileReference; lastKnownFileType = file.xib; path = FavoriteStoreTableViewCell.xib; sourceTree = "<group>"; };
		02DD859726ADA2E6002A8105 /* PlaceDetailViewModel.swift */ = {isa = PBXFileReference; lastKnownFileType = sourcecode.swift; path = PlaceDetailViewModel.swift; sourceTree = "<group>"; };
		02E43C1526870204009B15CD /* MainTabBarController.swift */ = {isa = PBXFileReference; lastKnownFileType = sourcecode.swift; path = MainTabBarController.swift; sourceTree = "<group>"; };
		02E43C1926870270009B15CD /* HomeViewController.swift */ = {isa = PBXFileReference; lastKnownFileType = sourcecode.swift; path = HomeViewController.swift; sourceTree = "<group>"; };
		02E43C1D2687028D009B15CD /* MapViewController.swift */ = {isa = PBXFileReference; lastKnownFileType = sourcecode.swift; path = MapViewController.swift; sourceTree = "<group>"; };
		02E43C1E2687028D009B15CD /* MapViewController.xib */ = {isa = PBXFileReference; lastKnownFileType = file.xib; path = MapViewController.xib; sourceTree = "<group>"; };
		02E43C21268702A1009B15CD /* CocktailViewController.swift */ = {isa = PBXFileReference; lastKnownFileType = sourcecode.swift; path = CocktailViewController.swift; sourceTree = "<group>"; };
		02E43C22268702A1009B15CD /* CocktailViewController.xib */ = {isa = PBXFileReference; lastKnownFileType = file.xib; path = CocktailViewController.xib; sourceTree = "<group>"; };
		02E43C2526870305009B15CD /* FavoriteViewController.swift */ = {isa = PBXFileReference; lastKnownFileType = sourcecode.swift; path = FavoriteViewController.swift; sourceTree = "<group>"; };
		02E43C2626870305009B15CD /* FavoriteViewController.xib */ = {isa = PBXFileReference; lastKnownFileType = file.xib; path = FavoriteViewController.xib; sourceTree = "<group>"; };
		02E43C3126870574009B15CD /* LoginViewController.swift */ = {isa = PBXFileReference; lastKnownFileType = sourcecode.swift; path = LoginViewController.swift; sourceTree = "<group>"; };
		02E43C352687066E009B15CD /* Extension+UIWindow.swift */ = {isa = PBXFileReference; lastKnownFileType = sourcecode.swift; path = "Extension+UIWindow.swift"; sourceTree = "<group>"; };
		02FEF4EB26AFDDFD0013F78D /* PlaceDetailViewController.swift */ = {isa = PBXFileReference; lastKnownFileType = sourcecode.swift; path = PlaceDetailViewController.swift; sourceTree = "<group>"; };
		02FEF4EC26AFDDFD0013F78D /* PlaceDetailViewController.xib */ = {isa = PBXFileReference; lastKnownFileType = file.xib; path = PlaceDetailViewController.xib; sourceTree = "<group>"; };
		060EF9219061CD8695CEAA8D /* Pods-Koktail.debug.xcconfig */ = {isa = PBXFileReference; includeInIndex = 1; lastKnownFileType = text.xcconfig; name = "Pods-Koktail.debug.xcconfig"; path = "Target Support Files/Pods-Koktail/Pods-Koktail.debug.xcconfig"; sourceTree = "<group>"; };
		3A3AC5A60A2151928C3315BD /* Pods_Koktail.framework */ = {isa = PBXFileReference; explicitFileType = wrapper.framework; includeInIndex = 0; path = Pods_Koktail.framework; sourceTree = BUILT_PRODUCTS_DIR; };
		61C90A79382188E42669D816 /* Pods-Koktail.release.xcconfig */ = {isa = PBXFileReference; includeInIndex = 1; lastKnownFileType = text.xcconfig; name = "Pods-Koktail.release.xcconfig"; path = "Target Support Files/Pods-Koktail/Pods-Koktail.release.xcconfig"; sourceTree = "<group>"; };
		9F1D616B26A16C0D006472A8 /* ForgotAndUpdatePasswordViewController.swift */ = {isa = PBXFileReference; lastKnownFileType = sourcecode.swift; path = ForgotAndUpdatePasswordViewController.swift; sourceTree = "<group>"; };
		9F1D616C26A16C0D006472A8 /* ForgotAndUpdatePasswordViewController.xib */ = {isa = PBXFileReference; lastKnownFileType = file.xib; path = ForgotAndUpdatePasswordViewController.xib; sourceTree = "<group>"; };
		9F4C1AE926C0DB6600A20792 /* ReAuthenticateUserViewController.swift */ = {isa = PBXFileReference; lastKnownFileType = sourcecode.swift; path = ReAuthenticateUserViewController.swift; sourceTree = "<group>"; };
		9F4C1AEA26C0DB6600A20792 /* ReAuthenticateUserViewController.xib */ = {isa = PBXFileReference; lastKnownFileType = file.xib; path = ReAuthenticateUserViewController.xib; sourceTree = "<group>"; };
		9F4EEB8726B7D6DA0067E475 /* FavoriteCocktailCollectionViewCell.swift */ = {isa = PBXFileReference; lastKnownFileType = sourcecode.swift; path = FavoriteCocktailCollectionViewCell.swift; sourceTree = "<group>"; };
		9F4EEB8826B7D6DA0067E475 /* FavoriteCocktailCollectionViewCell.xib */ = {isa = PBXFileReference; lastKnownFileType = file.xib; path = FavoriteCocktailCollectionViewCell.xib; sourceTree = "<group>"; };
		9F87DA9B26A1EAD3004ED32B /* GoogleService-Info.plist */ = {isa = PBXFileReference; fileEncoding = 4; lastKnownFileType = text.plist.xml; path = "GoogleService-Info.plist"; sourceTree = "<group>"; };
		9FAB5919269D87780077CD59 /* Extension+UIColor.swift */ = {isa = PBXFileReference; lastKnownFileType = sourcecode.swift; path = "Extension+UIColor.swift"; sourceTree = "<group>"; };
		9FAB591D269D87E80077CD59 /* RemoteConfigDefaults.plist */ = {isa = PBXFileReference; fileEncoding = 4; lastKnownFileType = text.plist.xml; path = RemoteConfigDefaults.plist; sourceTree = "<group>"; };
		9FAB5923269D88570077CD59 /* LoginPageViewController.swift */ = {isa = PBXFileReference; fileEncoding = 4; lastKnownFileType = sourcecode.swift; path = LoginPageViewController.swift; sourceTree = "<group>"; };
		9FAB5925269D88610077CD59 /* SignUpViewController.swift */ = {isa = PBXFileReference; fileEncoding = 4; lastKnownFileType = sourcecode.swift; path = SignUpViewController.swift; sourceTree = "<group>"; };
		9FAB592B269DC11D0077CD59 /* LoginPageViewController.xib */ = {isa = PBXFileReference; fileEncoding = 4; lastKnownFileType = file.xib; path = LoginPageViewController.xib; sourceTree = "<group>"; };
		9FAB592C269DC11D0077CD59 /* SignUpViewController.xib */ = {isa = PBXFileReference; fileEncoding = 4; lastKnownFileType = file.xib; path = SignUpViewController.xib; sourceTree = "<group>"; };
		9FB2454E26A9A19900F6EA07 /* GetEmailViewController.swift */ = {isa = PBXFileReference; lastKnownFileType = sourcecode.swift; path = GetEmailViewController.swift; sourceTree = "<group>"; };
		9FB2454F26A9A19900F6EA07 /* GetEmailViewController.xib */ = {isa = PBXFileReference; lastKnownFileType = file.xib; path = GetEmailViewController.xib; sourceTree = "<group>"; };
		9FF7293626C001A2002CFFC8 /* FavoriteCocktailEmptyCollectionViewCell.swift */ = {isa = PBXFileReference; lastKnownFileType = sourcecode.swift; path = FavoriteCocktailEmptyCollectionViewCell.swift; sourceTree = "<group>"; };
		9FF7293726C001A2002CFFC8 /* FavoriteCocktailEmptyCollectionViewCell.xib */ = {isa = PBXFileReference; lastKnownFileType = file.xib; path = FavoriteCocktailEmptyCollectionViewCell.xib; sourceTree = "<group>"; };
		9FF7294226C039FE002CFFC8 /* DeleteAccountTableViewCell.swift */ = {isa = PBXFileReference; lastKnownFileType = sourcecode.swift; path = DeleteAccountTableViewCell.swift; sourceTree = "<group>"; };
		9FF7294326C039FE002CFFC8 /* DeleteAccountTableViewCell.xib */ = {isa = PBXFileReference; lastKnownFileType = file.xib; path = DeleteAccountTableViewCell.xib; sourceTree = "<group>"; };
		C45FB22526BD8C5900DFE4EF /* FavoriteCocktail.swift */ = {isa = PBXFileReference; fileEncoding = 4; lastKnownFileType = sourcecode.swift; path = FavoriteCocktail.swift; sourceTree = "<group>"; };
		C489C4F226C2564800E95760 /* CocktailListDataModel.swift */ = {isa = PBXFileReference; lastKnownFileType = sourcecode.swift; path = CocktailListDataModel.swift; sourceTree = "<group>"; };
		C489C4F526C256CE00E95760 /* CocktailDetailDataModel.swift */ = {isa = PBXFileReference; lastKnownFileType = sourcecode.swift; path = CocktailDetailDataModel.swift; sourceTree = "<group>"; };
		C489C4F826C2570000E95760 /* CocktailLikeDataModel.swift */ = {isa = PBXFileReference; lastKnownFileType = sourcecode.swift; path = CocktailLikeDataModel.swift; sourceTree = "<group>"; };
		D669C29026C01BB80043E51A /* NoResultTableViewCell.swift */ = {isa = PBXFileReference; lastKnownFileType = sourcecode.swift; path = NoResultTableViewCell.swift; sourceTree = "<group>"; };
		D669C29126C01BB80043E51A /* NoResultTableViewCell.xib */ = {isa = PBXFileReference; lastKnownFileType = file.xib; path = NoResultTableViewCell.xib; sourceTree = "<group>"; };
		D6908F4F26A30C51004240AC /* SelectPageViewController.swift */ = {isa = PBXFileReference; lastKnownFileType = sourcecode.swift; path = SelectPageViewController.swift; sourceTree = "<group>"; };
		D6908F5026A30C51004240AC /* SelectPageViewController.xib */ = {isa = PBXFileReference; lastKnownFileType = file.xib; path = SelectPageViewController.xib; sourceTree = "<group>"; };
		D6908F5526A30CC4004240AC /* SelectBaseViewController.swift */ = {isa = PBXFileReference; lastKnownFileType = sourcecode.swift; path = SelectBaseViewController.swift; sourceTree = "<group>"; };
		D6908F5626A30CC4004240AC /* SelectBaseViewController.xib */ = {isa = PBXFileReference; lastKnownFileType = file.xib; path = SelectBaseViewController.xib; sourceTree = "<group>"; };
		D6908F5926A31108004240AC /* SelectAlcholViewController.swift */ = {isa = PBXFileReference; lastKnownFileType = sourcecode.swift; path = SelectAlcholViewController.swift; sourceTree = "<group>"; };
		D6908F5A26A31108004240AC /* SelectAlcholViewController.xib */ = {isa = PBXFileReference; lastKnownFileType = file.xib; path = SelectAlcholViewController.xib; sourceTree = "<group>"; };
		D6908F5D26A32D6E004240AC /* SelectSweetViewController.swift */ = {isa = PBXFileReference; lastKnownFileType = sourcecode.swift; path = SelectSweetViewController.swift; sourceTree = "<group>"; };
		D6908F5E26A32D6E004240AC /* SelectSweetViewController.xib */ = {isa = PBXFileReference; lastKnownFileType = file.xib; path = SelectSweetViewController.xib; sourceTree = "<group>"; };
		D6908F6126A32ECF004240AC /* SelectSourViewController.swift */ = {isa = PBXFileReference; lastKnownFileType = sourcecode.swift; path = SelectSourViewController.swift; sourceTree = "<group>"; };
		D6908F6226A32ECF004240AC /* SelectSourViewController.xib */ = {isa = PBXFileReference; lastKnownFileType = file.xib; path = SelectSourViewController.xib; sourceTree = "<group>"; };
		D6908F6526A32FA0004240AC /* SelectBitterViewController.swift */ = {isa = PBXFileReference; lastKnownFileType = sourcecode.swift; path = SelectBitterViewController.swift; sourceTree = "<group>"; };
		D6908F6626A32FA0004240AC /* SelectBitterViewController.xib */ = {isa = PBXFileReference; lastKnownFileType = file.xib; path = SelectBitterViewController.xib; sourceTree = "<group>"; };
		D6908F6926A33022004240AC /* SelectDryViewController.swift */ = {isa = PBXFileReference; lastKnownFileType = sourcecode.swift; path = SelectDryViewController.swift; sourceTree = "<group>"; };
		D6908F6A26A33022004240AC /* SelectDryViewController.xib */ = {isa = PBXFileReference; lastKnownFileType = file.xib; path = SelectDryViewController.xib; sourceTree = "<group>"; };
		D6908F6E26A332F6004240AC /* ResultViewController.swift */ = {isa = PBXFileReference; fileEncoding = 4; lastKnownFileType = sourcecode.swift; path = ResultViewController.swift; sourceTree = "<group>"; };
		D6908F7126A3330E004240AC /* ResultViewController.xib */ = {isa = PBXFileReference; fileEncoding = 4; lastKnownFileType = file.xib; path = ResultViewController.xib; sourceTree = "<group>"; };
		D6908F7326A33318004240AC /* HeaderTableViewCell.swift */ = {isa = PBXFileReference; fileEncoding = 4; lastKnownFileType = sourcecode.swift; path = HeaderTableViewCell.swift; sourceTree = "<group>"; };
		D6908F7526A3331E004240AC /* HeaderTableViewCell.xib */ = {isa = PBXFileReference; fileEncoding = 4; lastKnownFileType = file.xib; path = HeaderTableViewCell.xib; sourceTree = "<group>"; };
		D6908F7726A3332A004240AC /* CocktailResultTableViewCell.swift */ = {isa = PBXFileReference; fileEncoding = 4; lastKnownFileType = sourcecode.swift; path = CocktailResultTableViewCell.swift; sourceTree = "<group>"; };
		D6908F7926A3333B004240AC /* CocktailResultTableViewCell.xib */ = {isa = PBXFileReference; fileEncoding = 4; lastKnownFileType = file.xib; path = CocktailResultTableViewCell.xib; sourceTree = "<group>"; };
/* End PBXFileReference section */

/* Begin PBXFrameworksBuildPhase section */
		02454FEA26860DA300558D3C /* Frameworks */ = {
			isa = PBXFrameworksBuildPhase;
			buildActionMask = 2147483647;
			files = (
				7E15927D03723866D8D336C5 /* Pods_Koktail.framework in Frameworks */,
			);
			runOnlyForDeploymentPostprocessing = 0;
		};
/* End PBXFrameworksBuildPhase section */

/* Begin PBXGroup section */
		0243279D269FC69A00DC301C /* DataBase */ = {
			isa = PBXGroup;
			children = (
				024327CC269FC6DB00DC301C /* UserDefaultsManager.swift */,
				0299015026B83A4F0062B5A2 /* StoreData.swift */,
			);
			path = DataBase;
			sourceTree = "<group>";
		};
		02454FE426860DA300558D3C = {
			isa = PBXGroup;
			children = (
				023BEBF3268B731A00D352A8 /* .swiftlint.yml */,
				02454FEF26860DA300558D3C /* Koktail */,
				02454FEE26860DA300558D3C /* Products */,
				A7FCF72FB1010F62504F03B6 /* Pods */,
				CAB263AE4B3FCA4995DEF22B /* Frameworks */,
			);
			sourceTree = "<group>";
		};
		02454FEE26860DA300558D3C /* Products */ = {
			isa = PBXGroup;
			children = (
				02454FED26860DA300558D3C /* Koktail.app */,
			);
			name = Products;
			sourceTree = "<group>";
		};
		02454FEF26860DA300558D3C /* Koktail */ = {
			isa = PBXGroup;
			children = (
				02816A91268B32A300E3FEA8 /* PropertyList */,
				02E43C0A2686FEFA009B15CD /* Application */,
				02E43C0B2686FF25009B15CD /* Resource */,
				02E43C3326870650009B15CD /* Support */,
				02791B9326AC489E000CC06F /* DataModel */,
				02A9374B26A51CB600ADA4CF /* ViewModel */,
				02E43C0E2686FFF1009B15CD /* ViewController */,
				02E43C0D2686FFC0009B15CD /* View */,
			);
			path = Koktail;
			sourceTree = "<group>";
		};
		0250C48F26904C5F0076A273 /* Setting */ = {
			isa = PBXGroup;
			children = (
				0250C49126904C800076A273 /* SettingViewController.swift */,
				0250C4F9269056B40076A273 /* LogOutTableViewCell.swift */,
				0250C4C7269053D60076A273 /* VersionTableViewCell.swift */,
				0250C4C32690501F0076A273 /* OpenSourceTableViewCell.swift */,
				9FF7294226C039FE002CFFC8 /* DeleteAccountTableViewCell.swift */,
				9F4C1AE926C0DB6600A20792 /* ReAuthenticateUserViewController.swift */,
			);
			path = Setting;
			sourceTree = "<group>";
		};
		0250C49026904C670076A273 /* Setting */ = {
			isa = PBXGroup;
			children = (
				0250C49226904C800076A273 /* SettingViewController.xib */,
				0250C4FA269056B40076A273 /* LogOutTableViewCell.xib */,
				0250C4C8269053D60076A273 /* VersionTableViewCell.xib */,
				0250C4C42690501F0076A273 /* OpenSourceTableViewCell.xib */,
				9FF7294326C039FE002CFFC8 /* DeleteAccountTableViewCell.xib */,
				9F4C1AEA26C0DB6600A20792 /* ReAuthenticateUserViewController.xib */,
			);
			path = Setting;
			sourceTree = "<group>";
		};
		026397272693276300D57975 /* Util */ = {
			isa = PBXGroup;
			children = (
				026397282693277100D57975 /* UtilFunction.swift */,
			);
			path = Util;
			sourceTree = "<group>";
		};
		02791B8D26AC45DB000CC06F /* PlaceDetail */ = {
			isa = PBXGroup;
			children = (
				02FEF4EB26AFDDFD0013F78D /* PlaceDetailViewController.swift */,
				02C2748326AC072F003E7F1B /* PlaceTitleTableViewCell.swift */,
				02791B8126AC37CB000CC06F /* PlaceInfoTableViewCell.swift */,
				02791B8526AC37DE000CC06F /* PlaceReviewsTableViewCell.swift */,
				02791B8926AC37F5000CC06F /* PlacePicturesTableViewCell.swift */,
				02791B8F26AC46C9000CC06F /* PictureCollectionViewCell.swift */,
			);
			path = PlaceDetail;
			sourceTree = "<group>";
		};
		02791B8E26AC45EB000CC06F /* PlaceDetail */ = {
			isa = PBXGroup;
			children = (
				02FEF4EC26AFDDFD0013F78D /* PlaceDetailViewController.xib */,
				02C2748426AC072F003E7F1B /* PlaceTitleTableViewCell.xib */,
				02791B8226AC37CB000CC06F /* PlaceInfoTableViewCell.xib */,
				02791B8626AC37DE000CC06F /* PlaceReviewsTableViewCell.xib */,
				02791B8A26AC37F5000CC06F /* PlacePicturesTableViewCell.xib */,
				02791B9026AC46C9000CC06F /* PictureCollectionViewCell.xib */,
			);
			path = PlaceDetail;
			sourceTree = "<group>";
		};
		02791B9326AC489E000CC06F /* DataModel */ = {
			isa = PBXGroup;
			children = (
				C45FB22526BD8C5900DFE4EF /* FavoriteCocktail.swift */,
				02791B9426AC48AD000CC06F /* SearchPlace.swift */,
				02791B9626AC48F9000CC06F /* PlaceDetail.swift */,
				C489C4F226C2564800E95760 /* CocktailListDataModel.swift */,
				C489C4F526C256CE00E95760 /* CocktailDetailDataModel.swift */,
				C489C4F826C2570000E95760 /* CocktailLikeDataModel.swift */,
			);
			path = DataModel;
			sourceTree = "<group>";
		};
		02816A91268B32A300E3FEA8 /* PropertyList */ = {
			isa = PBXGroup;
			children = (
				9F87DA9B26A1EAD3004ED32B /* GoogleService-Info.plist */,
				9FAB591D269D87E80077CD59 /* RemoteConfigDefaults.plist */,
				02454FFE26860DA400558D3C /* Info.plist */,
			);
			name = PropertyList;
			sourceTree = "<group>";
		};
		02A9371826A5108E00ADA4CF /* Networking */ = {
			isa = PBXGroup;
			children = (
				02A9371926A510A900ADA4CF /* NetworkingManager.swift */,
			);
			path = Networking;
			sourceTree = "<group>";
		};
		02A9374B26A51CB600ADA4CF /* ViewModel */ = {
			isa = PBXGroup;
			children = (
				02A9374C26A51CD500ADA4CF /* SearchPlaceViewModel.swift */,
				02DD859726ADA2E6002A8105 /* PlaceDetailViewModel.swift */,
			);
			path = ViewModel;
			sourceTree = "<group>";
		};
		02E43C0A2686FEFA009B15CD /* Application */ = {
			isa = PBXGroup;
			children = (
				02454FF026860DA300558D3C /* AppDelegate.swift */,
				02454FF226860DA300558D3C /* SceneDelegate.swift */,
			);
			path = Application;
			sourceTree = "<group>";
		};
		02E43C0B2686FF25009B15CD /* Resource */ = {
			isa = PBXGroup;
			children = (
				02454FF926860DA400558D3C /* Assets.xcassets */,
			);
			path = Resource;
			sourceTree = "<group>";
		};
		02E43C0D2686FFC0009B15CD /* View */ = {
			isa = PBXGroup;
			children = (
				02E43C172687022E009B15CD /* Login */,
				02E43C1826870234009B15CD /* MainTabBar */,
			);
			path = View;
			sourceTree = "<group>";
		};
		02E43C0E2686FFF1009B15CD /* ViewController */ = {
			isa = PBXGroup;
			children = (
				02E43C13268701CC009B15CD /* Login */,
				02E43C14268701D7009B15CD /* MainTabBar */,
			);
			path = ViewController;
			sourceTree = "<group>";
		};
		02E43C13268701CC009B15CD /* Login */ = {
			isa = PBXGroup;
			children = (
				02E43C3126870574009B15CD /* LoginViewController.swift */,
				9FAB5925269D88610077CD59 /* SignUpViewController.swift */,
				9FAB5923269D88570077CD59 /* LoginPageViewController.swift */,
				9F1D616B26A16C0D006472A8 /* ForgotAndUpdatePasswordViewController.swift */,
				9FB2454E26A9A19900F6EA07 /* GetEmailViewController.swift */,
			);
			path = Login;
			sourceTree = "<group>";
		};
		02E43C14268701D7009B15CD /* MainTabBar */ = {
			isa = PBXGroup;
			children = (
				02E43C1526870204009B15CD /* MainTabBarController.swift */,
				02E43C2926870346009B15CD /* Home */,
				02E43C2C26870361009B15CD /* Cocktail */,
				02E43C2B2687035A009B15CD /* Map */,
				02E43C2A26870350009B15CD /* Favorite */,
			);
			path = MainTabBar;
			sourceTree = "<group>";
		};
		02E43C172687022E009B15CD /* Login */ = {
			isa = PBXGroup;
			children = (
				9FAB592B269DC11D0077CD59 /* LoginPageViewController.xib */,
				9F1D616C26A16C0D006472A8 /* ForgotAndUpdatePasswordViewController.xib */,
				9FAB592C269DC11D0077CD59 /* SignUpViewController.xib */,
				9FB2454F26A9A19900F6EA07 /* GetEmailViewController.xib */,
				02454FF626860DA300558D3C /* Main.storyboard */,
			);
			path = Login;
			sourceTree = "<group>";
		};
		02E43C1826870234009B15CD /* MainTabBar */ = {
			isa = PBXGroup;
			children = (
				02E43C302687038B009B15CD /* Home */,
				02E43C2F26870383009B15CD /* Cocktail */,
				02E43C2E2687037C009B15CD /* Map */,
				02E43C2D26870370009B15CD /* Favorite */,
			);
			path = MainTabBar;
			sourceTree = "<group>";
		};
		02E43C2926870346009B15CD /* Home */ = {
			isa = PBXGroup;
			children = (
				D6908F4D26A30C2B004240AC /* Recommend */,
				02E43C1926870270009B15CD /* HomeViewController.swift */,
				023F864D26A6F8CC0086EC4F /* CocktailCollectionViewCell.swift */,
				0250C48F26904C5F0076A273 /* Setting */,
			);
			path = Home;
			sourceTree = "<group>";
		};
		02E43C2A26870350009B15CD /* Favorite */ = {
			isa = PBXGroup;
			children = (
				02E43C2526870305009B15CD /* FavoriteViewController.swift */,
				0250C587269062E30076A273 /* FavoriteCocktailViewController.swift */,
				9F4EEB8726B7D6DA0067E475 /* FavoriteCocktailCollectionViewCell.swift */,
				9FF7293626C001A2002CFFC8 /* FavoriteCocktailEmptyCollectionViewCell.swift */,
				0250C5B92690666F0076A273 /* FavoriteStoreViewController.swift */,
				02CBB8E026BE7B7100208CDC /* FavoriteStoreTableViewCell.swift */,
			);
			path = Favorite;
			sourceTree = "<group>";
		};
		02E43C2B2687035A009B15CD /* Map */ = {
			isa = PBXGroup;
			children = (
				02E43C1D2687028D009B15CD /* MapViewController.swift */,
				02791B8D26AC45DB000CC06F /* PlaceDetail */,
			);
			path = Map;
			sourceTree = "<group>";
		};
		02E43C2C26870361009B15CD /* Cocktail */ = {
			isa = PBXGroup;
			children = (
				02E43C21268702A1009B15CD /* CocktailViewController.swift */,
				023F865426A6F9C00086EC4F /* CategoryTableViewCell.swift */,
				023F865526A6F9C00086EC4F /* PreviewCollectionViewCell.swift */,
				023F865326A6F9C00086EC4F /* MoreCocktailViewController.swift */,
				023F865126A6F9C00086EC4F /* MoreCocktailTableViewCell.swift */,
				023F865226A6F9C00086EC4F /* CocktailDetailViewController.swift */,
			);
			path = Cocktail;
			sourceTree = "<group>";
		};
		02E43C2D26870370009B15CD /* Favorite */ = {
			isa = PBXGroup;
			children = (
				02E43C2626870305009B15CD /* FavoriteViewController.xib */,
				0250C588269062E30076A273 /* FavoriteCocktailViewController.xib */,
				9F4EEB8826B7D6DA0067E475 /* FavoriteCocktailCollectionViewCell.xib */,
				9FF7293726C001A2002CFFC8 /* FavoriteCocktailEmptyCollectionViewCell.xib */,
				0250C5BA2690666F0076A273 /* FavoriteStoreViewController.xib */,
				02CBB8E126BE7B7100208CDC /* FavoriteStoreTableViewCell.xib */,
			);
			path = Favorite;
			sourceTree = "<group>";
		};
		02E43C2E2687037C009B15CD /* Map */ = {
			isa = PBXGroup;
			children = (
				02E43C1E2687028D009B15CD /* MapViewController.xib */,
				02791B8E26AC45EB000CC06F /* PlaceDetail */,
			);
			path = Map;
			sourceTree = "<group>";
		};
		02E43C2F26870383009B15CD /* Cocktail */ = {
			isa = PBXGroup;
			children = (
				02E43C22268702A1009B15CD /* CocktailViewController.xib */,
				023F865C26A6F9DA0086EC4F /* CategoryTableViewCell.xib */,
				023F865E26A6F9DA0086EC4F /* PreviewCollectionViewCell.xib */,
				023F865F26A6F9DA0086EC4F /* MoreCocktailViewController.xib */,
				023F865D26A6F9DA0086EC4F /* MoreCocktailTableViewCell.xib */,
				023F865B26A6F9DA0086EC4F /* CocktailDetailViewController.xib */,
			);
			path = Cocktail;
			sourceTree = "<group>";
		};
		02E43C302687038B009B15CD /* Home */ = {
			isa = PBXGroup;
			children = (
				D6908F4E26A30C3B004240AC /* Recommend */,
				023F866526A6FADB0086EC4F /* HomeViewController.xib */,
				023F864F26A6F8FD0086EC4F /* CocktailCollectionViewCell.xib */,
				0250C49026904C670076A273 /* Setting */,
			);
			path = Home;
			sourceTree = "<group>";
		};
		02E43C3326870650009B15CD /* Support */ = {
			isa = PBXGroup;
			children = (
				02A9371826A5108E00ADA4CF /* Networking */,
				0243279D269FC69A00DC301C /* DataBase */,
				026397272693276300D57975 /* Util */,
				02E43C342687065A009B15CD /* Extension */,
			);
			path = Support;
			sourceTree = "<group>";
		};
		02E43C342687065A009B15CD /* Extension */ = {
			isa = PBXGroup;
			children = (
				02E43C352687066E009B15CD /* Extension+UIWindow.swift */,
				9FAB5919269D87780077CD59 /* Extension+UIColor.swift */,
			);
			path = Extension;
			sourceTree = "<group>";
		};
		A7FCF72FB1010F62504F03B6 /* Pods */ = {
			isa = PBXGroup;
			children = (
				060EF9219061CD8695CEAA8D /* Pods-Koktail.debug.xcconfig */,
				61C90A79382188E42669D816 /* Pods-Koktail.release.xcconfig */,
			);
			path = Pods;
			sourceTree = "<group>";
		};
		CAB263AE4B3FCA4995DEF22B /* Frameworks */ = {
			isa = PBXGroup;
			children = (
				3A3AC5A60A2151928C3315BD /* Pods_Koktail.framework */,
			);
			name = Frameworks;
			sourceTree = "<group>";
		};
		D6908F4D26A30C2B004240AC /* Recommend */ = {
			isa = PBXGroup;
			children = (
				D6908F4F26A30C51004240AC /* SelectPageViewController.swift */,
				D6908F5326A30C81004240AC /* Select */,
				D6908F6D26A332CC004240AC /* Result */,
			);
			path = Recommend;
			sourceTree = "<group>";
		};
		D6908F4E26A30C3B004240AC /* Recommend */ = {
			isa = PBXGroup;
			children = (
				D6908F5026A30C51004240AC /* SelectPageViewController.xib */,
				D6908F5426A30CA0004240AC /* Select */,
				D6908F7026A332FC004240AC /* Result */,
			);
			path = Recommend;
			sourceTree = "<group>";
		};
		D6908F5326A30C81004240AC /* Select */ = {
			isa = PBXGroup;
			children = (
				D6908F5526A30CC4004240AC /* SelectBaseViewController.swift */,
				D6908F5926A31108004240AC /* SelectAlcholViewController.swift */,
				D6908F5D26A32D6E004240AC /* SelectSweetViewController.swift */,
				D6908F6126A32ECF004240AC /* SelectSourViewController.swift */,
				D6908F6526A32FA0004240AC /* SelectBitterViewController.swift */,
				D6908F6926A33022004240AC /* SelectDryViewController.swift */,
			);
			path = Select;
			sourceTree = "<group>";
		};
		D6908F5426A30CA0004240AC /* Select */ = {
			isa = PBXGroup;
			children = (
				D6908F5626A30CC4004240AC /* SelectBaseViewController.xib */,
				D6908F5A26A31108004240AC /* SelectAlcholViewController.xib */,
				D6908F5E26A32D6E004240AC /* SelectSweetViewController.xib */,
				D6908F6226A32ECF004240AC /* SelectSourViewController.xib */,
				D6908F6626A32FA0004240AC /* SelectBitterViewController.xib */,
				D6908F6A26A33022004240AC /* SelectDryViewController.xib */,
			);
			path = Select;
			sourceTree = "<group>";
		};
		D6908F6D26A332CC004240AC /* Result */ = {
			isa = PBXGroup;
			children = (
				D6908F6E26A332F6004240AC /* ResultViewController.swift */,
				D6908F7726A3332A004240AC /* CocktailResultTableViewCell.swift */,
				D6908F7326A33318004240AC /* HeaderTableViewCell.swift */,
				D669C29026C01BB80043E51A /* NoResultTableViewCell.swift */,
			);
			path = Result;
			sourceTree = "<group>";
		};
		D6908F7026A332FC004240AC /* Result */ = {
			isa = PBXGroup;
			children = (
				D6908F7126A3330E004240AC /* ResultViewController.xib */,
				D6908F7526A3331E004240AC /* HeaderTableViewCell.xib */,
				D6908F7926A3333B004240AC /* CocktailResultTableViewCell.xib */,
				D669C29126C01BB80043E51A /* NoResultTableViewCell.xib */,
			);
			path = Result;
			sourceTree = "<group>";
		};
/* End PBXGroup section */

/* Begin PBXNativeTarget section */
		02454FEC26860DA300558D3C /* Koktail */ = {
			isa = PBXNativeTarget;
			buildConfigurationList = 0245500126860DA400558D3C /* Build configuration list for PBXNativeTarget "Koktail" */;
			buildPhases = (
				9BEAA2712C24EFDEF1A81F40 /* [CP] Check Pods Manifest.lock */,
				02454FE926860DA300558D3C /* Sources */,
				02454FEA26860DA300558D3C /* Frameworks */,
				E62EED9B3D667B480F11A2F0 /* [Carte] Pre Script */,
				02454FEB26860DA300558D3C /* Resources */,
				6F09AC68488332B30709BADD /* [Carte] Post Script */,
				023BEC51268B738A00D352A8 /* ShellScript */,
				BCB454EBD91EF9474C7F4E1C /* [CP] Embed Pods Frameworks */,
				8270CAAD681714A6B558AE78 /* [CP] Copy Pods Resources */,
			);
			buildRules = (
			);
			dependencies = (
			);
			name = Koktail;
			productName = Koktail;
			productReference = 02454FED26860DA300558D3C /* Koktail.app */;
			productType = "com.apple.product-type.application";
		};
/* End PBXNativeTarget section */

/* Begin PBXProject section */
		02454FE526860DA300558D3C /* Project object */ = {
			isa = PBXProject;
			attributes = {
				LastSwiftUpdateCheck = 1250;
				LastUpgradeCheck = 1250;
				TargetAttributes = {
					02454FEC26860DA300558D3C = {
						CreatedOnToolsVersion = 12.5.1;
					};
				};
			};
			buildConfigurationList = 02454FE826860DA300558D3C /* Build configuration list for PBXProject "Koktail" */;
			compatibilityVersion = "Xcode 9.3";
			developmentRegion = en;
			hasScannedForEncodings = 0;
			knownRegions = (
				en,
				Base,
			);
			mainGroup = 02454FE426860DA300558D3C;
			productRefGroup = 02454FEE26860DA300558D3C /* Products */;
			projectDirPath = "";
			projectRoot = "";
			targets = (
				02454FEC26860DA300558D3C /* Koktail */,
			);
		};
/* End PBXProject section */

/* Begin PBXResourcesBuildPhase section */
		02454FEB26860DA300558D3C /* Resources */ = {
			isa = PBXResourcesBuildPhase;
			buildActionMask = 2147483647;
			files = (
				0250C58A269062E30076A273 /* FavoriteCocktailViewController.xib in Resources */,
				9FAB592D269DC11D0077CD59 /* LoginPageViewController.xib in Resources */,
				9FF7294526C039FE002CFFC8 /* DeleteAccountTableViewCell.xib in Resources */,
				D6908F6426A32ECF004240AC /* SelectSourViewController.xib in Resources */,
				02454FFA26860DA400558D3C /* Assets.xcassets in Resources */,
				023F866026A6F9DA0086EC4F /* CocktailDetailViewController.xib in Resources */,
				02FEF4EE26AFDDFD0013F78D /* PlaceDetailViewController.xib in Resources */,
				02454FF826860DA300558D3C /* Main.storyboard in Resources */,
				9FF7293926C001A2002CFFC8 /* FavoriteCocktailEmptyCollectionViewCell.xib in Resources */,
				0250C4C62690501F0076A273 /* OpenSourceTableViewCell.xib in Resources */,
				9F1D616E26A16C0D006472A8 /* ForgotAndUpdatePasswordViewController.xib in Resources */,
				D6908F5226A30C51004240AC /* SelectPageViewController.xib in Resources */,
				9FB2455126A9A19900F6EA07 /* GetEmailViewController.xib in Resources */,
				023F866226A6F9DA0086EC4F /* MoreCocktailTableViewCell.xib in Resources */,
				D6908F6026A32D6E004240AC /* SelectSweetViewController.xib in Resources */,
				9F4EEB8A26B7D6DA0067E475 /* FavoriteCocktailCollectionViewCell.xib in Resources */,
				D6908F5826A30CC4004240AC /* SelectBaseViewController.xib in Resources */,
				02791B8426AC37CB000CC06F /* PlaceInfoTableViewCell.xib in Resources */,
				02791B8C26AC37F5000CC06F /* PlacePicturesTableViewCell.xib in Resources */,
				9F4C1AEC26C0DB6600A20792 /* ReAuthenticateUserViewController.xib in Resources */,
				02E43C2826870305009B15CD /* FavoriteViewController.xib in Resources */,
				D6908F5C26A31109004240AC /* SelectAlcholViewController.xib in Resources */,
				023F866626A6FADB0086EC4F /* HomeViewController.xib in Resources */,
				9FAB592E269DC11D0077CD59 /* SignUpViewController.xib in Resources */,
				02CBB8E326BE7B7100208CDC /* FavoriteStoreTableViewCell.xib in Resources */,
				023BEBF4268B731A00D352A8 /* .swiftlint.yml in Resources */,
				9FAB591E269D87E80077CD59 /* RemoteConfigDefaults.plist in Resources */,
				9F87DA9C26A1EAD3004ED32B /* GoogleService-Info.plist in Resources */,
				0250C4CA269053D60076A273 /* VersionTableViewCell.xib in Resources */,
				D6908F6C26A33022004240AC /* SelectDryViewController.xib in Resources */,
				02C2748626AC072F003E7F1B /* PlaceTitleTableViewCell.xib in Resources */,
				D6908F6826A32FA0004240AC /* SelectBitterViewController.xib in Resources */,
				D6908F7626A3331E004240AC /* HeaderTableViewCell.xib in Resources */,
				023F865026A6F8FD0086EC4F /* CocktailCollectionViewCell.xib in Resources */,
				02791B8826AC37DE000CC06F /* PlaceReviewsTableViewCell.xib in Resources */,
				023F866126A6F9DA0086EC4F /* CategoryTableViewCell.xib in Resources */,
				023F866326A6F9DA0086EC4F /* PreviewCollectionViewCell.xib in Resources */,
				02E43C24268702A1009B15CD /* CocktailViewController.xib in Resources */,
				0250C4FC269056B40076A273 /* LogOutTableViewCell.xib in Resources */,
				02791B9226AC46C9000CC06F /* PictureCollectionViewCell.xib in Resources */,
				D6908F7226A3330E004240AC /* ResultViewController.xib in Resources */,
				02E43C202687028D009B15CD /* MapViewController.xib in Resources */,
				023F866426A6F9DA0086EC4F /* MoreCocktailViewController.xib in Resources */,
				D6908F7A26A3333B004240AC /* CocktailResultTableViewCell.xib in Resources */,
				D669C29326C01BB80043E51A /* NoResultTableViewCell.xib in Resources */,
				0250C49426904C800076A273 /* SettingViewController.xib in Resources */,
				0250C5BC2690666F0076A273 /* FavoriteStoreViewController.xib in Resources */,
			);
			runOnlyForDeploymentPostprocessing = 0;
		};
/* End PBXResourcesBuildPhase section */

/* Begin PBXShellScriptBuildPhase section */
		023BEC51268B738A00D352A8 /* ShellScript */ = {
			isa = PBXShellScriptBuildPhase;
			buildActionMask = 2147483647;
			files = (
			);
			inputFileListPaths = (
			);
			inputPaths = (
			);
			outputFileListPaths = (
			);
			outputPaths = (
			);
			runOnlyForDeploymentPostprocessing = 0;
			shellPath = /bin/sh;
			shellScript = "${PODS_ROOT}/SwiftLint/swiftlint\n";
		};
		6F09AC68488332B30709BADD /* [Carte] Post Script */ = {
			isa = PBXShellScriptBuildPhase;
			buildActionMask = 2147483647;
			files = (
			);
			inputFileListPaths = (
			);
			inputPaths = (
			);
			name = "[Carte] Post Script";
			outputFileListPaths = (
			);
			outputPaths = (
			);
			runOnlyForDeploymentPostprocessing = 0;
			shellPath = /bin/sh;
			shellScript = "ruby ${PODS_ROOT}/Carte/Sources/Carte/carte.rb post";
			showEnvVarsInLog = 0;
		};
		8270CAAD681714A6B558AE78 /* [CP] Copy Pods Resources */ = {
			isa = PBXShellScriptBuildPhase;
			buildActionMask = 2147483647;
			files = (
			);
			inputFileListPaths = (
				"${PODS_ROOT}/Target Support Files/Pods-Koktail/Pods-Koktail-resources-${CONFIGURATION}-input-files.xcfilelist",
			);
			name = "[CP] Copy Pods Resources";
			outputFileListPaths = (
				"${PODS_ROOT}/Target Support Files/Pods-Koktail/Pods-Koktail-resources-${CONFIGURATION}-output-files.xcfilelist",
			);
			runOnlyForDeploymentPostprocessing = 0;
			shellPath = /bin/sh;
			shellScript = "\"${PODS_ROOT}/Target Support Files/Pods-Koktail/Pods-Koktail-resources.sh\"\n";
			showEnvVarsInLog = 0;
		};
		9BEAA2712C24EFDEF1A81F40 /* [CP] Check Pods Manifest.lock */ = {
			isa = PBXShellScriptBuildPhase;
			buildActionMask = 2147483647;
			files = (
			);
			inputFileListPaths = (
			);
			inputPaths = (
				"${PODS_PODFILE_DIR_PATH}/Podfile.lock",
				"${PODS_ROOT}/Manifest.lock",
			);
			name = "[CP] Check Pods Manifest.lock";
			outputFileListPaths = (
			);
			outputPaths = (
				"$(DERIVED_FILE_DIR)/Pods-Koktail-checkManifestLockResult.txt",
			);
			runOnlyForDeploymentPostprocessing = 0;
			shellPath = /bin/sh;
			shellScript = "diff \"${PODS_PODFILE_DIR_PATH}/Podfile.lock\" \"${PODS_ROOT}/Manifest.lock\" > /dev/null\nif [ $? != 0 ] ; then\n    # print error to STDERR\n    echo \"error: The sandbox is not in sync with the Podfile.lock. Run 'pod install' or update your CocoaPods installation.\" >&2\n    exit 1\nfi\n# This output is used by Xcode 'outputs' to avoid re-running this script phase.\necho \"SUCCESS\" > \"${SCRIPT_OUTPUT_FILE_0}\"\n";
			showEnvVarsInLog = 0;
		};
		BCB454EBD91EF9474C7F4E1C /* [CP] Embed Pods Frameworks */ = {
			isa = PBXShellScriptBuildPhase;
			buildActionMask = 2147483647;
			files = (
			);
			inputFileListPaths = (
				"${PODS_ROOT}/Target Support Files/Pods-Koktail/Pods-Koktail-frameworks-${CONFIGURATION}-input-files.xcfilelist",
			);
			name = "[CP] Embed Pods Frameworks";
			outputFileListPaths = (
				"${PODS_ROOT}/Target Support Files/Pods-Koktail/Pods-Koktail-frameworks-${CONFIGURATION}-output-files.xcfilelist",
			);
			runOnlyForDeploymentPostprocessing = 0;
			shellPath = /bin/sh;
			shellScript = "\"${PODS_ROOT}/Target Support Files/Pods-Koktail/Pods-Koktail-frameworks.sh\"\n";
			showEnvVarsInLog = 0;
		};
		E62EED9B3D667B480F11A2F0 /* [Carte] Pre Script */ = {
			isa = PBXShellScriptBuildPhase;
			buildActionMask = 2147483647;
			files = (
			);
			inputFileListPaths = (
			);
			inputPaths = (
			);
			name = "[Carte] Pre Script";
			outputFileListPaths = (
			);
			outputPaths = (
			);
			runOnlyForDeploymentPostprocessing = 0;
			shellPath = /bin/sh;
			shellScript = "ruby ${PODS_ROOT}/Carte/Sources/Carte/carte.rb pre";
			showEnvVarsInLog = 0;
		};
/* End PBXShellScriptBuildPhase section */

/* Begin PBXSourcesBuildPhase section */
		02454FE926860DA300558D3C /* Sources */ = {
			isa = PBXSourcesBuildPhase;
			buildActionMask = 2147483647;
			files = (
				02E43C362687066E009B15CD /* Extension+UIWindow.swift in Sources */,
				023F865626A6F9C00086EC4F /* MoreCocktailTableViewCell.swift in Sources */,
				D6908F5F26A32D6E004240AC /* SelectSweetViewController.swift in Sources */,
				02791B9126AC46C9000CC06F /* PictureCollectionViewCell.swift in Sources */,
				02CBB8E226BE7B7100208CDC /* FavoriteStoreTableViewCell.swift in Sources */,
				9FF7294426C039FE002CFFC8 /* DeleteAccountTableViewCell.swift in Sources */,
				026397292693277100D57975 /* UtilFunction.swift in Sources */,
				02E43C3226870574009B15CD /* LoginViewController.swift in Sources */,
				C489C4F326C2564800E95760 /* CocktailListDataModel.swift in Sources */,
				9FAB5924269D88570077CD59 /* LoginPageViewController.swift in Sources */,
				02E43C1B26870270009B15CD /* HomeViewController.swift in Sources */,
				D6908F6726A32FA0004240AC /* SelectBitterViewController.swift in Sources */,
				02DD859826ADA2E6002A8105 /* PlaceDetailViewModel.swift in Sources */,
				0250C4C52690501F0076A273 /* OpenSourceTableViewCell.swift in Sources */,
				0299015126B83A4F0062B5A2 /* StoreData.swift in Sources */,
				02A9371A26A510A900ADA4CF /* NetworkingManager.swift in Sources */,
				02791B8326AC37CB000CC06F /* PlaceInfoTableViewCell.swift in Sources */,
				024327CD269FC6DB00DC301C /* UserDefaultsManager.swift in Sources */,
				02E43C1F2687028D009B15CD /* MapViewController.swift in Sources */,
				9FAB5926269D88610077CD59 /* SignUpViewController.swift in Sources */,
				02A9374D26A51CD500ADA4CF /* SearchPlaceViewModel.swift in Sources */,
				0250C4FB269056B40076A273 /* LogOutTableViewCell.swift in Sources */,
				02454FF126860DA300558D3C /* AppDelegate.swift in Sources */,
				9F4EEB8926B7D6DA0067E475 /* FavoriteCocktailCollectionViewCell.swift in Sources */,
				0250C49326904C800076A273 /* SettingViewController.swift in Sources */,
				023F865726A6F9C00086EC4F /* CocktailDetailViewController.swift in Sources */,
				02791B8726AC37DE000CC06F /* PlaceReviewsTableViewCell.swift in Sources */,
				02E43C1626870204009B15CD /* MainTabBarController.swift in Sources */,
				D6908F5B26A31109004240AC /* SelectAlcholViewController.swift in Sources */,
				9FB2455026A9A19900F6EA07 /* GetEmailViewController.swift in Sources */,
				02E43C23268702A1009B15CD /* CocktailViewController.swift in Sources */,
				9FF7293826C001A2002CFFC8 /* FavoriteCocktailEmptyCollectionViewCell.swift in Sources */,
				D669C29226C01BB80043E51A /* NoResultTableViewCell.swift in Sources */,
				9FAB591A269D87780077CD59 /* Extension+UIColor.swift in Sources */,
				D6908F5726A30CC4004240AC /* SelectBaseViewController.swift in Sources */,
				02C2748526AC072F003E7F1B /* PlaceTitleTableViewCell.swift in Sources */,
				02791B8B26AC37F5000CC06F /* PlacePicturesTableViewCell.swift in Sources */,
				02E43C2726870305009B15CD /* FavoriteViewController.swift in Sources */,
				D6908F7826A3332A004240AC /* CocktailResultTableViewCell.swift in Sources */,
				C489C4F926C2570000E95760 /* CocktailLikeDataModel.swift in Sources */,
				0250C4C9269053D60076A273 /* VersionTableViewCell.swift in Sources */,
				D6908F6B26A33022004240AC /* SelectDryViewController.swift in Sources */,
				02FEF4ED26AFDDFD0013F78D /* PlaceDetailViewController.swift in Sources */,
				D6908F7426A33318004240AC /* HeaderTableViewCell.swift in Sources */,
				0250C589269062E30076A273 /* FavoriteCocktailViewController.swift in Sources */,
				C489C4F626C256CE00E95760 /* CocktailDetailDataModel.swift in Sources */,
				D6908F6F26A332F6004240AC /* ResultViewController.swift in Sources */,
				02791B9526AC48AD000CC06F /* SearchPlace.swift in Sources */,
				D6908F5126A30C51004240AC /* SelectPageViewController.swift in Sources */,
				0250C5BB2690666F0076A273 /* FavoriteStoreViewController.swift in Sources */,
				023F865926A6F9C00086EC4F /* CategoryTableViewCell.swift in Sources */,
				023F864E26A6F8CC0086EC4F /* CocktailCollectionViewCell.swift in Sources */,
				023F865826A6F9C00086EC4F /* MoreCocktailViewController.swift in Sources */,
				02791B9726AC48FA000CC06F /* PlaceDetail.swift in Sources */,
				9F4C1AEB26C0DB6600A20792 /* ReAuthenticateUserViewController.swift in Sources */,
				023F865A26A6F9C00086EC4F /* PreviewCollectionViewCell.swift in Sources */,
				D6908F6326A32ECF004240AC /* SelectSourViewController.swift in Sources */,
				02454FF326860DA300558D3C /* SceneDelegate.swift in Sources */,
				9F1D616D26A16C0D006472A8 /* ForgotAndUpdatePasswordViewController.swift in Sources */,
				C45FB22626BD8C5900DFE4EF /* FavoriteCocktail.swift in Sources */,
			);
			runOnlyForDeploymentPostprocessing = 0;
		};
/* End PBXSourcesBuildPhase section */

/* Begin PBXVariantGroup section */
		02454FF626860DA300558D3C /* Main.storyboard */ = {
			isa = PBXVariantGroup;
			children = (
				02454FF726860DA300558D3C /* Base */,
			);
			name = Main.storyboard;
			sourceTree = "<group>";
		};
/* End PBXVariantGroup section */

/* Begin XCBuildConfiguration section */
		02454FFF26860DA400558D3C /* Debug */ = {
			isa = XCBuildConfiguration;
			buildSettings = {
				ALWAYS_SEARCH_USER_PATHS = NO;
				CLANG_ANALYZER_NONNULL = YES;
				CLANG_ANALYZER_NUMBER_OBJECT_CONVERSION = YES_AGGRESSIVE;
				CLANG_CXX_LANGUAGE_STANDARD = "gnu++14";
				CLANG_CXX_LIBRARY = "libc++";
				CLANG_ENABLE_MODULES = YES;
				CLANG_ENABLE_OBJC_ARC = YES;
				CLANG_ENABLE_OBJC_WEAK = YES;
				CLANG_WARN_BLOCK_CAPTURE_AUTORELEASING = YES;
				CLANG_WARN_BOOL_CONVERSION = YES;
				CLANG_WARN_COMMA = YES;
				CLANG_WARN_CONSTANT_CONVERSION = YES;
				CLANG_WARN_DEPRECATED_OBJC_IMPLEMENTATIONS = YES;
				CLANG_WARN_DIRECT_OBJC_ISA_USAGE = YES_ERROR;
				CLANG_WARN_DOCUMENTATION_COMMENTS = YES;
				CLANG_WARN_EMPTY_BODY = YES;
				CLANG_WARN_ENUM_CONVERSION = YES;
				CLANG_WARN_INFINITE_RECURSION = YES;
				CLANG_WARN_INT_CONVERSION = YES;
				CLANG_WARN_NON_LITERAL_NULL_CONVERSION = YES;
				CLANG_WARN_OBJC_IMPLICIT_RETAIN_SELF = YES;
				CLANG_WARN_OBJC_LITERAL_CONVERSION = YES;
				CLANG_WARN_OBJC_ROOT_CLASS = YES_ERROR;
				CLANG_WARN_QUOTED_INCLUDE_IN_FRAMEWORK_HEADER = YES;
				CLANG_WARN_RANGE_LOOP_ANALYSIS = YES;
				CLANG_WARN_STRICT_PROTOTYPES = YES;
				CLANG_WARN_SUSPICIOUS_MOVE = YES;
				CLANG_WARN_UNGUARDED_AVAILABILITY = YES_AGGRESSIVE;
				CLANG_WARN_UNREACHABLE_CODE = YES;
				CLANG_WARN__DUPLICATE_METHOD_MATCH = YES;
				COPY_PHASE_STRIP = NO;
				DEBUG_INFORMATION_FORMAT = dwarf;
				ENABLE_STRICT_OBJC_MSGSEND = YES;
				ENABLE_TESTABILITY = YES;
				GCC_C_LANGUAGE_STANDARD = gnu11;
				GCC_DYNAMIC_NO_PIC = NO;
				GCC_NO_COMMON_BLOCKS = YES;
				GCC_OPTIMIZATION_LEVEL = 0;
				GCC_PREPROCESSOR_DEFINITIONS = (
					"DEBUG=1",
					"$(inherited)",
				);
				GCC_WARN_64_TO_32_BIT_CONVERSION = YES;
				GCC_WARN_ABOUT_RETURN_TYPE = YES_ERROR;
				GCC_WARN_UNDECLARED_SELECTOR = YES;
				GCC_WARN_UNINITIALIZED_AUTOS = YES_AGGRESSIVE;
				GCC_WARN_UNUSED_FUNCTION = YES;
				GCC_WARN_UNUSED_VARIABLE = YES;
				IPHONEOS_DEPLOYMENT_TARGET = 14.3;
				MTL_ENABLE_DEBUG_INFO = INCLUDE_SOURCE;
				MTL_FAST_MATH = YES;
				ONLY_ACTIVE_ARCH = YES;
				SDKROOT = iphoneos;
				SWIFT_ACTIVE_COMPILATION_CONDITIONS = DEBUG;
				SWIFT_OPTIMIZATION_LEVEL = "-Onone";
			};
			name = Debug;
		};
		0245500026860DA400558D3C /* Release */ = {
			isa = XCBuildConfiguration;
			buildSettings = {
				ALWAYS_SEARCH_USER_PATHS = NO;
				CLANG_ANALYZER_NONNULL = YES;
				CLANG_ANALYZER_NUMBER_OBJECT_CONVERSION = YES_AGGRESSIVE;
				CLANG_CXX_LANGUAGE_STANDARD = "gnu++14";
				CLANG_CXX_LIBRARY = "libc++";
				CLANG_ENABLE_MODULES = YES;
				CLANG_ENABLE_OBJC_ARC = YES;
				CLANG_ENABLE_OBJC_WEAK = YES;
				CLANG_WARN_BLOCK_CAPTURE_AUTORELEASING = YES;
				CLANG_WARN_BOOL_CONVERSION = YES;
				CLANG_WARN_COMMA = YES;
				CLANG_WARN_CONSTANT_CONVERSION = YES;
				CLANG_WARN_DEPRECATED_OBJC_IMPLEMENTATIONS = YES;
				CLANG_WARN_DIRECT_OBJC_ISA_USAGE = YES_ERROR;
				CLANG_WARN_DOCUMENTATION_COMMENTS = YES;
				CLANG_WARN_EMPTY_BODY = YES;
				CLANG_WARN_ENUM_CONVERSION = YES;
				CLANG_WARN_INFINITE_RECURSION = YES;
				CLANG_WARN_INT_CONVERSION = YES;
				CLANG_WARN_NON_LITERAL_NULL_CONVERSION = YES;
				CLANG_WARN_OBJC_IMPLICIT_RETAIN_SELF = YES;
				CLANG_WARN_OBJC_LITERAL_CONVERSION = YES;
				CLANG_WARN_OBJC_ROOT_CLASS = YES_ERROR;
				CLANG_WARN_QUOTED_INCLUDE_IN_FRAMEWORK_HEADER = YES;
				CLANG_WARN_RANGE_LOOP_ANALYSIS = YES;
				CLANG_WARN_STRICT_PROTOTYPES = YES;
				CLANG_WARN_SUSPICIOUS_MOVE = YES;
				CLANG_WARN_UNGUARDED_AVAILABILITY = YES_AGGRESSIVE;
				CLANG_WARN_UNREACHABLE_CODE = YES;
				CLANG_WARN__DUPLICATE_METHOD_MATCH = YES;
				COPY_PHASE_STRIP = NO;
				DEBUG_INFORMATION_FORMAT = "dwarf-with-dsym";
				ENABLE_NS_ASSERTIONS = NO;
				ENABLE_STRICT_OBJC_MSGSEND = YES;
				GCC_C_LANGUAGE_STANDARD = gnu11;
				GCC_NO_COMMON_BLOCKS = YES;
				GCC_WARN_64_TO_32_BIT_CONVERSION = YES;
				GCC_WARN_ABOUT_RETURN_TYPE = YES_ERROR;
				GCC_WARN_UNDECLARED_SELECTOR = YES;
				GCC_WARN_UNINITIALIZED_AUTOS = YES_AGGRESSIVE;
				GCC_WARN_UNUSED_FUNCTION = YES;
				GCC_WARN_UNUSED_VARIABLE = YES;
				IPHONEOS_DEPLOYMENT_TARGET = 14.3;
				MTL_ENABLE_DEBUG_INFO = NO;
				MTL_FAST_MATH = YES;
				SDKROOT = iphoneos;
				SWIFT_COMPILATION_MODE = wholemodule;
				SWIFT_OPTIMIZATION_LEVEL = "-O";
				VALIDATE_PRODUCT = YES;
			};
			name = Release;
		};
		0245500226860DA400558D3C /* Debug */ = {
			isa = XCBuildConfiguration;
			baseConfigurationReference = 060EF9219061CD8695CEAA8D /* Pods-Koktail.debug.xcconfig */;
			buildSettings = {
				ASSETCATALOG_COMPILER_APPICON_NAME = AppIcon;
				ASSETCATALOG_COMPILER_GLOBAL_ACCENT_COLOR_NAME = AccentColor;
				CODE_SIGN_IDENTITY = "Apple Development";
				CODE_SIGN_STYLE = Automatic;
				DEVELOPMENT_TEAM = YKB76M9XZ9;
				INFOPLIST_FILE = Koktail/Info.plist;
				IPHONEOS_DEPLOYMENT_TARGET = 14.4;
				LD_RUNPATH_SEARCH_PATHS = (
					"$(inherited)",
					"@executable_path/Frameworks",
				);
				OTHER_LDFLAGS = (
					"$(OTHER_LDFLAGS)",
					"-ObjC",
				);
				PRODUCT_BUNDLE_IDENTIFIER = com.iosstudy.koktail;
				PRODUCT_NAME = "$(TARGET_NAME)";
				PROVISIONING_PROFILE_SPECIFIER = "";
				SWIFT_VERSION = 5.0;
				TARGETED_DEVICE_FAMILY = "1,2";
			};
			name = Debug;
		};
		0245500326860DA400558D3C /* Release */ = {
			isa = XCBuildConfiguration;
			baseConfigurationReference = 61C90A79382188E42669D816 /* Pods-Koktail.release.xcconfig */;
			buildSettings = {
				ASSETCATALOG_COMPILER_APPICON_NAME = AppIcon;
				ASSETCATALOG_COMPILER_GLOBAL_ACCENT_COLOR_NAME = AccentColor;
				CODE_SIGN_IDENTITY = "Apple Development";
				CODE_SIGN_STYLE = Automatic;
				DEVELOPMENT_TEAM = YKB76M9XZ9;
				INFOPLIST_FILE = Koktail/Info.plist;
				IPHONEOS_DEPLOYMENT_TARGET = 14.4;
				LD_RUNPATH_SEARCH_PATHS = (
					"$(inherited)",
					"@executable_path/Frameworks",
				);
				OTHER_LDFLAGS = (
					"$(OTHER_LDFLAGS)",
					"-ObjC",
				);
				PRODUCT_BUNDLE_IDENTIFIER = com.iosstudy.koktail;
				PRODUCT_NAME = "$(TARGET_NAME)";
				PROVISIONING_PROFILE_SPECIFIER = "";
				SWIFT_VERSION = 5.0;
				TARGETED_DEVICE_FAMILY = "1,2";
			};
			name = Release;
		};
/* End XCBuildConfiguration section */

/* Begin XCConfigurationList section */
		02454FE826860DA300558D3C /* Build configuration list for PBXProject "Koktail" */ = {
			isa = XCConfigurationList;
			buildConfigurations = (
				02454FFF26860DA400558D3C /* Debug */,
				0245500026860DA400558D3C /* Release */,
			);
			defaultConfigurationIsVisible = 0;
			defaultConfigurationName = Release;
		};
		0245500126860DA400558D3C /* Build configuration list for PBXNativeTarget "Koktail" */ = {
			isa = XCConfigurationList;
			buildConfigurations = (
				0245500226860DA400558D3C /* Debug */,
				0245500326860DA400558D3C /* Release */,
			);
			defaultConfigurationIsVisible = 0;
			defaultConfigurationName = Release;
		};
/* End XCConfigurationList section */
	};
	rootObject = 02454FE526860DA300558D3C /* Project object */;
}
